
Microsoft Visual Studio Solution File, Format Version 12.00
# Visual Studio Version 17
VisualStudioVersion = 17.5.33530.505
MinimumVisualStudioVersion = 10.0.40219.1
Project("{FAE04EC0-301F-11D3-BF4B-00C04F79EFBC}") = "AbbyWeb", "AbbyWeb\AbbyWeb.csproj", "{ECA668EF-5E9A-45DC-98D6-71B32142E1CA}"
EndProject
Global
	GlobalSection(SolutionConfigurationPlatforms) = preSolution
		Debug|Any CPU = Debug|Any CPU
		Release|Any CPU = Release|Any CPU
	EndGlobalSection
	GlobalSection(ProjectConfigurationPlatforms) = postSolution
		{ECA668EF-5E9A-45DC-98D6-71B32142E1CA}.Debug|Any CPU.ActiveCfg = Debug|Any CPU
		{ECA668EF-5E9A-45DC-98D6-71B32142E1CA}.Debug|Any CPU.Build.0 = Debug|Any CPU
		{ECA668EF-5E9A-45DC-98D6-71B32142E1CA}.Release|Any CPU.ActiveCfg = Release|Any CPU
		{ECA668EF-5E9A-45DC-98D6-71B32142E1CA}.Release|Any CPU.Build.0 = Release|Any CPU
	EndGlobalSection
	GlobalSection(SolutionProperties) = preSolution
		HideSolutionNode = FALSE
	EndGlobalSection
	GlobalSection(ExtensibilityGlobals) = postSolution
		SolutionGuid = {5105831C-9FEF-42CC-8684-7CFC8CB33CFE}
	EndGlobalSection
EndGlobal
